
Microsoft Visual Studio Solution File, Format Version 12.00
Project("{FAE04EC0-301F-11D3-BF4B-00C04F79EFBC}") = "renice", "renice\renice.csproj", "{E484D21E-0004-40D6-A5FC-6164A051F3C5}"
EndProject
Project("{FAE04EC0-301F-11D3-BF4B-00C04F79EFBC}") = "renice.Tests", "renice.Tests\renice.Tests.csproj", "{B578229F-799E-40B6-A8BE-5EE9BB70D8F9}"
EndProject
Project("{FAE04EC0-301F-11D3-BF4B-00C04F79EFBC}") = "AppyApp", "AppyApp\AppyApp.csproj", "{AACC41B7-0FCC-41C4-9CC6-ECB2F17A8A59}"
EndProject
Global
	GlobalSection(SolutionConfigurationPlatforms) = preSolution
		Debug|Any CPU = Debug|Any CPU
		Release|Any CPU = Release|Any CPU
	EndGlobalSection
	GlobalSection(ProjectConfigurationPlatforms) = postSolution
		{E484D21E-0004-40D6-A5FC-6164A051F3C5}.Release|Any CPU.ActiveCfg = Release|Any CPU
		{E484D21E-0004-40D6-A5FC-6164A051F3C5}.Release|Any CPU.Build.0 = Release|Any CPU
		{E484D21E-0004-40D6-A5FC-6164A051F3C5}.Debug|Any CPU.ActiveCfg = Debug|x64
		{E484D21E-0004-40D6-A5FC-6164A051F3C5}.Debug|Any CPU.Build.0 = Debug|x64
		{B578229F-799E-40B6-A8BE-5EE9BB70D8F9}.Debug|Any CPU.ActiveCfg = Debug|Any CPU
		{B578229F-799E-40B6-A8BE-5EE9BB70D8F9}.Debug|Any CPU.Build.0 = Debug|Any CPU
		{B578229F-799E-40B6-A8BE-5EE9BB70D8F9}.Release|Any CPU.ActiveCfg = Release|Any CPU
		{B578229F-799E-40B6-A8BE-5EE9BB70D8F9}.Release|Any CPU.Build.0 = Release|Any CPU
		{AACC41B7-0FCC-41C4-9CC6-ECB2F17A8A59}.Debug|Any CPU.ActiveCfg = Debug|Any CPU
		{AACC41B7-0FCC-41C4-9CC6-ECB2F17A8A59}.Debug|Any CPU.Build.0 = Debug|Any CPU
		{AACC41B7-0FCC-41C4-9CC6-ECB2F17A8A59}.Release|Any CPU.ActiveCfg = Release|Any CPU
		{AACC41B7-0FCC-41C4-9CC6-ECB2F17A8A59}.Release|Any CPU.Build.0 = Release|Any CPU
	EndGlobalSection
EndGlobal
